
Microsoft Visual Studio Solution File, Format Version 12.00
# Visual Studio Version 17
VisualStudioVersion = 17.6.33815.320
MinimumVisualStudioVersion = 10.0.40219.1
Project("{FAE04EC0-301F-11D3-BF4B-00C04F79EFBC}") = "FrmEjercicoN5_SeminarioDeProg", "FrmEjercicoN5_SeminarioDeProg\FrmEjercicoN5_SeminarioDeProg.csproj", "{DA9C1ED1-6901-413B-A3B6-18FDAE14C3A3}"
EndProject
Global
	GlobalSection(SolutionConfigurationPlatforms) = preSolution
		Debug|Any CPU = Debug|Any CPU
		Release|Any CPU = Release|Any CPU
	EndGlobalSection
	GlobalSection(ProjectConfigurationPlatforms) = postSolution
		{DA9C1ED1-6901-413B-A3B6-18FDAE14C3A3}.Debug|Any CPU.ActiveCfg = Debug|Any CPU
		{DA9C1ED1-6901-413B-A3B6-18FDAE14C3A3}.Debug|Any CPU.Build.0 = Debug|Any CPU
		{DA9C1ED1-6901-413B-A3B6-18FDAE14C3A3}.Release|Any CPU.ActiveCfg = Release|Any CPU
		{DA9C1ED1-6901-413B-A3B6-18FDAE14C3A3}.Release|Any CPU.Build.0 = Release|Any CPU
	EndGlobalSection
	GlobalSection(SolutionProperties) = preSolution
		HideSolutionNode = FALSE
	EndGlobalSection
	GlobalSection(ExtensibilityGlobals) = postSolution
		SolutionGuid = {F43F8C10-7967-4BE4-9FEE-7373C7031DE9}
	EndGlobalSection
EndGlobal
