
Microsoft Visual Studio Solution File, Format Version 12.00
# Visual Studio Version 17
VisualStudioVersion = 17.12.35527.113 d17.12
MinimumVisualStudioVersion = 10.0.40219.1
Project("{FAE04EC0-301F-11D3-BF4B-00C04F79EFBC}") = "WPF_DATA_BINDING", "WPF_DATAB_INDING\WPF_DATA_BINDING.csproj", "{62F68F73-99DC-418B-9970-19C330718F94}"
EndProject
Global
	GlobalSection(SolutionConfigurationPlatforms) = preSolution
		Debug|Any CPU = Debug|Any CPU
		Release|Any CPU = Release|Any CPU
	EndGlobalSection
	GlobalSection(ProjectConfigurationPlatforms) = postSolution
		{62F68F73-99DC-418B-9970-19C330718F94}.Debug|Any CPU.ActiveCfg = Debug|Any CPU
		{62F68F73-99DC-418B-9970-19C330718F94}.Debug|Any CPU.Build.0 = Debug|Any CPU
		{62F68F73-99DC-418B-9970-19C330718F94}.Release|Any CPU.ActiveCfg = Release|Any CPU
		{62F68F73-99DC-418B-9970-19C330718F94}.Release|Any CPU.Build.0 = Release|Any CPU
	EndGlobalSection
	GlobalSection(SolutionProperties) = preSolution
		HideSolutionNode = FALSE
	EndGlobalSection
EndGlobal
